
Microsoft Visual Studio Solution File, Format Version 12.00
# Visual Studio Version 17
VisualStudioVersion = 17.0.31903.59
MinimumVisualStudioVersion = 10.0.40219.1
Project("{FAE04EC0-301F-11D3-BF4B-00C04F79EFBC}") = "testerrors", "testerrors\testerrors.csproj", "{D7EB7407-DD72-4205-A411-3D0EADDC6DF0}"
EndProject
Project("{FAE04EC0-301F-11D3-BF4B-00C04F79EFBC}") = "Bankproc", "Bankproc\Bankproc.csproj", "{F1812D2F-C68B-47FB-A9B6-EA4376A25C13}"
EndProject
Project("{FAE04EC0-301F-11D3-BF4B-00C04F79EFBC}") = "Bankp", "..\Bankp\Bankp.csproj", "{4237CEE1-42F2-4FA2-B704-C009C3809304}"
EndProject
Global
	GlobalSection(SolutionConfigurationPlatforms) = preSolution
		Debug|Any CPU = Debug|Any CPU
		Debug|x64 = Debug|x64
		Debug|x86 = Debug|x86
		Release|Any CPU = Release|Any CPU
		Release|x64 = Release|x64
		Release|x86 = Release|x86
	EndGlobalSection
	GlobalSection(ProjectConfigurationPlatforms) = postSolution
		{D7EB7407-DD72-4205-A411-3D0EADDC6DF0}.Debug|Any CPU.ActiveCfg = Debug|Any CPU
		{D7EB7407-DD72-4205-A411-3D0EADDC6DF0}.Debug|Any CPU.Build.0 = Debug|Any CPU
		{D7EB7407-DD72-4205-A411-3D0EADDC6DF0}.Debug|x64.ActiveCfg = Debug|Any CPU
		{D7EB7407-DD72-4205-A411-3D0EADDC6DF0}.Debug|x64.Build.0 = Debug|Any CPU
		{D7EB7407-DD72-4205-A411-3D0EADDC6DF0}.Debug|x86.ActiveCfg = Debug|Any CPU
		{D7EB7407-DD72-4205-A411-3D0EADDC6DF0}.Debug|x86.Build.0 = Debug|Any CPU
		{D7EB7407-DD72-4205-A411-3D0EADDC6DF0}.Release|Any CPU.ActiveCfg = Release|Any CPU
		{D7EB7407-DD72-4205-A411-3D0EADDC6DF0}.Release|Any CPU.Build.0 = Release|Any CPU
		{D7EB7407-DD72-4205-A411-3D0EADDC6DF0}.Release|x64.ActiveCfg = Release|Any CPU
		{D7EB7407-DD72-4205-A411-3D0EADDC6DF0}.Release|x64.Build.0 = Release|Any CPU
		{D7EB7407-DD72-4205-A411-3D0EADDC6DF0}.Release|x86.ActiveCfg = Release|Any CPU
		{D7EB7407-DD72-4205-A411-3D0EADDC6DF0}.Release|x86.Build.0 = Release|Any CPU
		{F1812D2F-C68B-47FB-A9B6-EA4376A25C13}.Debug|Any CPU.ActiveCfg = Debug|Any CPU
		{F1812D2F-C68B-47FB-A9B6-EA4376A25C13}.Debug|Any CPU.Build.0 = Debug|Any CPU
		{F1812D2F-C68B-47FB-A9B6-EA4376A25C13}.Debug|x64.ActiveCfg = Debug|Any CPU
		{F1812D2F-C68B-47FB-A9B6-EA4376A25C13}.Debug|x64.Build.0 = Debug|Any CPU
		{F1812D2F-C68B-47FB-A9B6-EA4376A25C13}.Debug|x86.ActiveCfg = Debug|Any CPU
		{F1812D2F-C68B-47FB-A9B6-EA4376A25C13}.Debug|x86.Build.0 = Debug|Any CPU
		{F1812D2F-C68B-47FB-A9B6-EA4376A25C13}.Release|Any CPU.ActiveCfg = Release|Any CPU
		{F1812D2F-C68B-47FB-A9B6-EA4376A25C13}.Release|Any CPU.Build.0 = Release|Any CPU
		{F1812D2F-C68B-47FB-A9B6-EA4376A25C13}.Release|x64.ActiveCfg = Release|Any CPU
		{F1812D2F-C68B-47FB-A9B6-EA4376A25C13}.Release|x64.Build.0 = Release|Any CPU
		{F1812D2F-C68B-47FB-A9B6-EA4376A25C13}.Release|x86.ActiveCfg = Release|Any CPU
		{F1812D2F-C68B-47FB-A9B6-EA4376A25C13}.Release|x86.Build.0 = Release|Any CPU
		{4237CEE1-42F2-4FA2-B704-C009C3809304}.Debug|Any CPU.ActiveCfg = Debug|Any CPU
		{4237CEE1-42F2-4FA2-B704-C009C3809304}.Debug|Any CPU.Build.0 = Debug|Any CPU
		{4237CEE1-42F2-4FA2-B704-C009C3809304}.Debug|x64.ActiveCfg = Debug|Any CPU
		{4237CEE1-42F2-4FA2-B704-C009C3809304}.Debug|x64.Build.0 = Debug|Any CPU
		{4237CEE1-42F2-4FA2-B704-C009C3809304}.Debug|x86.ActiveCfg = Debug|Any CPU
		{4237CEE1-42F2-4FA2-B704-C009C3809304}.Debug|x86.Build.0 = Debug|Any CPU
		{4237CEE1-42F2-4FA2-B704-C009C3809304}.Release|Any CPU.ActiveCfg = Release|Any CPU
		{4237CEE1-42F2-4FA2-B704-C009C3809304}.Release|Any CPU.Build.0 = Release|Any CPU
		{4237CEE1-42F2-4FA2-B704-C009C3809304}.Release|x64.ActiveCfg = Release|Any CPU
		{4237CEE1-42F2-4FA2-B704-C009C3809304}.Release|x64.Build.0 = Release|Any CPU
		{4237CEE1-42F2-4FA2-B704-C009C3809304}.Release|x86.ActiveCfg = Release|Any CPU
		{4237CEE1-42F2-4FA2-B704-C009C3809304}.Release|x86.Build.0 = Release|Any CPU
	EndGlobalSection
	GlobalSection(SolutionProperties) = preSolution
		HideSolutionNode = FALSE
	EndGlobalSection
EndGlobal
